// !$*UTF8*$!
{
	archiveVersion = 1;
	classes = {
	};
	objectVersion = 56;
	objects = {

/* Begin PBXBuildFile section */
		A511A0BC29900BC5008B83CF /* AppDelegate.swift in Sources */ = {isa = PBXBuildFile; fileRef = A511A0BB29900BC5008B83CF /* AppDelegate.swift */; };
		A511A0BE29900BC5008B83CF /* SceneDelegate.swift in Sources */ = {isa = PBXBuildFile; fileRef = A511A0BD29900BC5008B83CF /* SceneDelegate.swift */; };
		A511A0C029900BC5008B83CF /* ViewController.swift in Sources */ = {isa = PBXBuildFile; fileRef = A511A0BF29900BC5008B83CF /* ViewController.swift */; };
		A511A0C329900BC5008B83CF /* Main.storyboard in Resources */ = {isa = PBXBuildFile; fileRef = A511A0C129900BC5008B83CF /* Main.storyboard */; };
		A511A0C529900BC6008B83CF /* Assets.xcassets in Resources */ = {isa = PBXBuildFile; fileRef = A511A0C429900BC6008B83CF /* Assets.xcassets */; };
		A511A0C829900BC6008B83CF /* LaunchScreen.storyboard in Resources */ = {isa = PBXBuildFile; fileRef = A511A0C629900BC6008B83CF /* LaunchScreen.storyboard */; };
		A511A0D329900BC6008B83CF /* TipsyTests.swift in Sources */ = {isa = PBXBuildFile; fileRef = A511A0D229900BC6008B83CF /* TipsyTests.swift */; };
		A511A0DD29900BC6008B83CF /* TipsyUITests.swift in Sources */ = {isa = PBXBuildFile; fileRef = A511A0DC29900BC6008B83CF /* TipsyUITests.swift */; };
		A511A0DF29900BC6008B83CF /* TipsyUITestsLaunchTests.swift in Sources */ = {isa = PBXBuildFile; fileRef = A511A0DE29900BC6008B83CF /* TipsyUITestsLaunchTests.swift */; };
		A511A0F029900C76008B83CF /* ButtonsProperty.swift in Sources */ = {isa = PBXBuildFile; fileRef = A511A0EF29900C76008B83CF /* ButtonsProperty.swift */; };
		A511A0F229900C8E008B83CF /* LabelsProperty.swift in Sources */ = {isa = PBXBuildFile; fileRef = A511A0F129900C8E008B83CF /* LabelsProperty.swift */; };
		A511A0F429900F60008B83CF /* ResultViewController.swift in Sources */ = {isa = PBXBuildFile; fileRef = A511A0F329900F60008B83CF /* ResultViewController.swift */; };
		CD1AFB8F288F4FC402D157DB /* Pods_Tipsy.framework in Frameworks */ = {isa = PBXBuildFile; fileRef = FEF337E259E5869AB8946196 /* Pods_Tipsy.framework */; };
		D2EF70EB634FA56900E402B7 /* Pods_TipsyTests.framework in Frameworks */ = {isa = PBXBuildFile; fileRef = 2C46D0182788D57B2A1E3F7B /* Pods_TipsyTests.framework */; };
		E4AA55C7429304EF20506E2D /* Pods_Tipsy_TipsyUITests.framework in Frameworks */ = {isa = PBXBuildFile; fileRef = 603B921CD3624AF9A0E22F9D /* Pods_Tipsy_TipsyUITests.framework */; };
/* End PBXBuildFile section */

/* Begin PBXContainerItemProxy section */
		A511A0CF29900BC6008B83CF /* PBXContainerItemProxy */ = {
			isa = PBXContainerItemProxy;
			containerPortal = A511A0B029900BC5008B83CF /* Project object */;
			proxyType = 1;
			remoteGlobalIDString = A511A0B729900BC5008B83CF;
			remoteInfo = Tipsy;
		};
		A511A0D929900BC6008B83CF /* PBXContainerItemProxy */ = {
			isa = PBXContainerItemProxy;
			containerPortal = A511A0B029900BC5008B83CF /* Project object */;
			proxyType = 1;
			remoteGlobalIDString = A511A0B729900BC5008B83CF;
			remoteInfo = Tipsy;
		};
/* End PBXContainerItemProxy section */

/* Begin PBXFileReference section */
		27B85355A209789B7827EBDE /* Pods-TipsyTests.release.xcconfig */ = {isa = PBXFileReference; includeInIndex = 1; lastKnownFileType = text.xcconfig; name = "Pods-TipsyTests.release.xcconfig"; path = "Target Support Files/Pods-TipsyTests/Pods-TipsyTests.release.xcconfig"; sourceTree = "<group>"; };
		2C46D0182788D57B2A1E3F7B /* Pods_TipsyTests.framework */ = {isa = PBXFileReference; explicitFileType = wrapper.framework; includeInIndex = 0; path = Pods_TipsyTests.framework; sourceTree = BUILT_PRODUCTS_DIR; };
		47171801AFFC054D8259165A /* Pods-Tipsy-TipsyUITests.release.xcconfig */ = {isa = PBXFileReference; includeInIndex = 1; lastKnownFileType = text.xcconfig; name = "Pods-Tipsy-TipsyUITests.release.xcconfig"; path = "Target Support Files/Pods-Tipsy-TipsyUITests/Pods-Tipsy-TipsyUITests.release.xcconfig"; sourceTree = "<group>"; };
		54E33A92AC4F63BF4777ECB5 /* Pods-Tipsy.release.xcconfig */ = {isa = PBXFileReference; includeInIndex = 1; lastKnownFileType = text.xcconfig; name = "Pods-Tipsy.release.xcconfig"; path = "Target Support Files/Pods-Tipsy/Pods-Tipsy.release.xcconfig"; sourceTree = "<group>"; };
		603B921CD3624AF9A0E22F9D /* Pods_Tipsy_TipsyUITests.framework */ = {isa = PBXFileReference; explicitFileType = wrapper.framework; includeInIndex = 0; path = Pods_Tipsy_TipsyUITests.framework; sourceTree = BUILT_PRODUCTS_DIR; };
		7C1067BA3CEE080D6C95FD52 /* Pods-Tipsy-TipsyUITests.debug.xcconfig */ = {isa = PBXFileReference; includeInIndex = 1; lastKnownFileType = text.xcconfig; name = "Pods-Tipsy-TipsyUITests.debug.xcconfig"; path = "Target Support Files/Pods-Tipsy-TipsyUITests/Pods-Tipsy-TipsyUITests.debug.xcconfig"; sourceTree = "<group>"; };
		84EE3FA3F9101ADCA1BDFE5E /* Pods-TipsyTests.debug.xcconfig */ = {isa = PBXFileReference; includeInIndex = 1; lastKnownFileType = text.xcconfig; name = "Pods-TipsyTests.debug.xcconfig"; path = "Target Support Files/Pods-TipsyTests/Pods-TipsyTests.debug.xcconfig"; sourceTree = "<group>"; };
		A511A0B829900BC5008B83CF /* Tipsy.app */ = {isa = PBXFileReference; explicitFileType = wrapper.application; includeInIndex = 0; path = Tipsy.app; sourceTree = BUILT_PRODUCTS_DIR; };
		A511A0BB29900BC5008B83CF /* AppDelegate.swift */ = {isa = PBXFileReference; lastKnownFileType = sourcecode.swift; path = AppDelegate.swift; sourceTree = "<group>"; };
		A511A0BD29900BC5008B83CF /* SceneDelegate.swift */ = {isa = PBXFileReference; lastKnownFileType = sourcecode.swift; path = SceneDelegate.swift; sourceTree = "<group>"; };
		A511A0BF29900BC5008B83CF /* ViewController.swift */ = {isa = PBXFileReference; lastKnownFileType = sourcecode.swift; path = ViewController.swift; sourceTree = "<group>"; };
		A511A0C229900BC5008B83CF /* Base */ = {isa = PBXFileReference; lastKnownFileType = file.storyboard; name = Base; path = Base.lproj/Main.storyboard; sourceTree = "<group>"; };
		A511A0C429900BC6008B83CF /* Assets.xcassets */ = {isa = PBXFileReference; lastKnownFileType = folder.assetcatalog; path = Assets.xcassets; sourceTree = "<group>"; };
		A511A0C729900BC6008B83CF /* Base */ = {isa = PBXFileReference; lastKnownFileType = file.storyboard; name = Base; path = Base.lproj/LaunchScreen.storyboard; sourceTree = "<group>"; };
		A511A0C929900BC6008B83CF /* Info.plist */ = {isa = PBXFileReference; lastKnownFileType = text.plist.xml; path = Info.plist; sourceTree = "<group>"; };
		A511A0CE29900BC6008B83CF /* TipsyTests.xctest */ = {isa = PBXFileReference; explicitFileType = wrapper.cfbundle; includeInIndex = 0; path = TipsyTests.xctest; sourceTree = BUILT_PRODUCTS_DIR; };
		A511A0D229900BC6008B83CF /* TipsyTests.swift */ = {isa = PBXFileReference; lastKnownFileType = sourcecode.swift; path = TipsyTests.swift; sourceTree = "<group>"; };
		A511A0D829900BC6008B83CF /* TipsyUITests.xctest */ = {isa = PBXFileReference; explicitFileType = wrapper.cfbundle; includeInIndex = 0; path = TipsyUITests.xctest; sourceTree = BUILT_PRODUCTS_DIR; };
		A511A0DC29900BC6008B83CF /* TipsyUITests.swift */ = {isa = PBXFileReference; lastKnownFileType = sourcecode.swift; path = TipsyUITests.swift; sourceTree = "<group>"; };
		A511A0DE29900BC6008B83CF /* TipsyUITestsLaunchTests.swift */ = {isa = PBXFileReference; lastKnownFileType = sourcecode.swift; path = TipsyUITestsLaunchTests.swift; sourceTree = "<group>"; };
		A511A0EF29900C76008B83CF /* ButtonsProperty.swift */ = {isa = PBXFileReference; lastKnownFileType = sourcecode.swift; path = ButtonsProperty.swift; sourceTree = "<group>"; };
		A511A0F129900C8E008B83CF /* LabelsProperty.swift */ = {isa = PBXFileReference; lastKnownFileType = sourcecode.swift; path = LabelsProperty.swift; sourceTree = "<group>"; };
		A511A0F329900F60008B83CF /* ResultViewController.swift */ = {isa = PBXFileReference; lastKnownFileType = sourcecode.swift; path = ResultViewController.swift; sourceTree = "<group>"; };
		EC24F6622885F3994D50D352 /* Pods-Tipsy.debug.xcconfig */ = {isa = PBXFileReference; includeInIndex = 1; lastKnownFileType = text.xcconfig; name = "Pods-Tipsy.debug.xcconfig"; path = "Target Support Files/Pods-Tipsy/Pods-Tipsy.debug.xcconfig"; sourceTree = "<group>"; };
		FEF337E259E5869AB8946196 /* Pods_Tipsy.framework */ = {isa = PBXFileReference; explicitFileType = wrapper.framework; includeInIndex = 0; path = Pods_Tipsy.framework; sourceTree = BUILT_PRODUCTS_DIR; };
/* End PBXFileReference section */

/* Begin PBXFrameworksBuildPhase section */
		A511A0B529900BC5008B83CF /* Frameworks */ = {
			isa = PBXFrameworksBuildPhase;
			buildActionMask = 2147483647;
			files = (
				CD1AFB8F288F4FC402D157DB /* Pods_Tipsy.framework in Frameworks */,
			);
			runOnlyForDeploymentPostprocessing = 0;
		};
		A511A0CB29900BC6008B83CF /* Frameworks */ = {
			isa = PBXFrameworksBuildPhase;
			buildActionMask = 2147483647;
			files = (
				D2EF70EB634FA56900E402B7 /* Pods_TipsyTests.framework in Frameworks */,
			);
			runOnlyForDeploymentPostprocessing = 0;
		};
		A511A0D529900BC6008B83CF /* Frameworks */ = {
			isa = PBXFrameworksBuildPhase;
			buildActionMask = 2147483647;
			files = (
				E4AA55C7429304EF20506E2D /* Pods_Tipsy_TipsyUITests.framework in Frameworks */,
			);
			runOnlyForDeploymentPostprocessing = 0;
		};
/* End PBXFrameworksBuildPhase section */

/* Begin PBXGroup section */
		42B4418BBC2B4BD13DA803E1 /* Frameworks */ = {
			isa = PBXGroup;
			children = (
				FEF337E259E5869AB8946196 /* Pods_Tipsy.framework */,
				603B921CD3624AF9A0E22F9D /* Pods_Tipsy_TipsyUITests.framework */,
				2C46D0182788D57B2A1E3F7B /* Pods_TipsyTests.framework */,
			);
			name = Frameworks;
			sourceTree = "<group>";
		};
		850C4BEABD84BFDC80C54430 /* Pods */ = {
			isa = PBXGroup;
			children = (
				EC24F6622885F3994D50D352 /* Pods-Tipsy.debug.xcconfig */,
				54E33A92AC4F63BF4777ECB5 /* Pods-Tipsy.release.xcconfig */,
				7C1067BA3CEE080D6C95FD52 /* Pods-Tipsy-TipsyUITests.debug.xcconfig */,
				47171801AFFC054D8259165A /* Pods-Tipsy-TipsyUITests.release.xcconfig */,
				84EE3FA3F9101ADCA1BDFE5E /* Pods-TipsyTests.debug.xcconfig */,
				27B85355A209789B7827EBDE /* Pods-TipsyTests.release.xcconfig */,
			);
			path = Pods;
			sourceTree = "<group>";
		};
		A511A0AF29900BC5008B83CF = {
			isa = PBXGroup;
			children = (
				A511A0BA29900BC5008B83CF /* Tipsy */,
				A511A0D129900BC6008B83CF /* TipsyTests */,
				A511A0DB29900BC6008B83CF /* TipsyUITests */,
				A511A0B929900BC5008B83CF /* Products */,
				850C4BEABD84BFDC80C54430 /* Pods */,
				42B4418BBC2B4BD13DA803E1 /* Frameworks */,
			);
			sourceTree = "<group>";
		};
		A511A0B929900BC5008B83CF /* Products */ = {
			isa = PBXGroup;
			children = (
				A511A0B829900BC5008B83CF /* Tipsy.app */,
				A511A0CE29900BC6008B83CF /* TipsyTests.xctest */,
				A511A0D829900BC6008B83CF /* TipsyUITests.xctest */,
			);
			name = Products;
			sourceTree = "<group>";
		};
		A511A0BA29900BC5008B83CF /* Tipsy */ = {
			isa = PBXGroup;
			children = (
				A511A0EE29900C15008B83CF /* Services */,
				A511A0ED29900BF9008B83CF /* View */,
				A511A0EC29900BF0008B83CF /* Controller */,
				A511A0EB29900BD5008B83CF /* Model */,
				A511A0BB29900BC5008B83CF /* AppDelegate.swift */,
				A511A0BD29900BC5008B83CF /* SceneDelegate.swift */,
				A511A0C429900BC6008B83CF /* Assets.xcassets */,
				A511A0C629900BC6008B83CF /* LaunchScreen.storyboard */,
				A511A0C929900BC6008B83CF /* Info.plist */,
			);
			path = Tipsy;
			sourceTree = "<group>";
		};
		A511A0D129900BC6008B83CF /* TipsyTests */ = {
			isa = PBXGroup;
			children = (
				A511A0D229900BC6008B83CF /* TipsyTests.swift */,
			);
			path = TipsyTests;
			sourceTree = "<group>";
		};
		A511A0DB29900BC6008B83CF /* TipsyUITests */ = {
			isa = PBXGroup;
			children = (
				A511A0DC29900BC6008B83CF /* TipsyUITests.swift */,
				A511A0DE29900BC6008B83CF /* TipsyUITestsLaunchTests.swift */,
			);
			path = TipsyUITests;
			sourceTree = "<group>";
		};
		A511A0EB29900BD5008B83CF /* Model */ = {
			isa = PBXGroup;
			children = (
			);
			path = Model;
			sourceTree = "<group>";
		};
		A511A0EC29900BF0008B83CF /* Controller */ = {
			isa = PBXGroup;
			children = (
				A511A0BF29900BC5008B83CF /* ViewController.swift */,
				A511A0F329900F60008B83CF /* ResultViewController.swift */,
			);
			path = Controller;
			sourceTree = "<group>";
		};
		A511A0ED29900BF9008B83CF /* View */ = {
			isa = PBXGroup;
			children = (
				A511A0C129900BC5008B83CF /* Main.storyboard */,
			);
			path = View;
			sourceTree = "<group>";
		};
		A511A0EE29900C15008B83CF /* Services */ = {
			isa = PBXGroup;
			children = (
				A511A0EF29900C76008B83CF /* ButtonsProperty.swift */,
				A511A0F129900C8E008B83CF /* LabelsProperty.swift */,
			);
			path = Services;
			sourceTree = "<group>";
		};
/* End PBXGroup section */

/* Begin PBXNativeTarget section */
		A511A0B729900BC5008B83CF /* Tipsy */ = {
			isa = PBXNativeTarget;
			buildConfigurationList = A511A0E229900BC6008B83CF /* Build configuration list for PBXNativeTarget "Tipsy" */;
			buildPhases = (
				B958708CF7F8BC1F805D22A7 /* [CP] Check Pods Manifest.lock */,
				A511A0B429900BC5008B83CF /* Sources */,
				A511A0B529900BC5008B83CF /* Frameworks */,
				A511A0B629900BC5008B83CF /* Resources */,
				F68C1E03508A209955222860 /* [CP] Embed Pods Frameworks */,
			);
			buildRules = (
			);
			dependencies = (
			);
			name = Tipsy;
			productName = Tipsy;
			productReference = A511A0B829900BC5008B83CF /* Tipsy.app */;
			productType = "com.apple.product-type.application";
		};
		A511A0CD29900BC6008B83CF /* TipsyTests */ = {
			isa = PBXNativeTarget;
			buildConfigurationList = A511A0E529900BC6008B83CF /* Build configuration list for PBXNativeTarget "TipsyTests" */;
			buildPhases = (
				2E6A32A2ED889FF166E31DB2 /* [CP] Check Pods Manifest.lock */,
				A511A0CA29900BC6008B83CF /* Sources */,
				A511A0CB29900BC6008B83CF /* Frameworks */,
				A511A0CC29900BC6008B83CF /* Resources */,
				7552CBED6B5FCB23BA7CF09F /* [CP] Embed Pods Frameworks */,
			);
			buildRules = (
			);
			dependencies = (
				A511A0D029900BC6008B83CF /* PBXTargetDependency */,
			);
			name = TipsyTests;
			productName = TipsyTests;
			productReference = A511A0CE29900BC6008B83CF /* TipsyTests.xctest */;
			productType = "com.apple.product-type.bundle.unit-test";
		};
		A511A0D729900BC6008B83CF /* TipsyUITests */ = {
			isa = PBXNativeTarget;
			buildConfigurationList = A511A0E829900BC6008B83CF /* Build configuration list for PBXNativeTarget "TipsyUITests" */;
			buildPhases = (
				FBB88E63C3A56F5DE1BA8178 /* [CP] Check Pods Manifest.lock */,
				A511A0D429900BC6008B83CF /* Sources */,
				A511A0D529900BC6008B83CF /* Frameworks */,
				A511A0D629900BC6008B83CF /* Resources */,
				BE10DAEC585F3094BA08C283 /* [CP] Embed Pods Frameworks */,
			);
			buildRules = (
			);
			dependencies = (
				A511A0DA29900BC6008B83CF /* PBXTargetDependency */,
			);
			name = TipsyUITests;
			productName = TipsyUITests;
			productReference = A511A0D829900BC6008B83CF /* TipsyUITests.xctest */;
			productType = "com.apple.product-type.bundle.ui-testing";
		};
/* End PBXNativeTarget section */

/* Begin PBXProject section */
		A511A0B029900BC5008B83CF /* Project object */ = {
			isa = PBXProject;
			attributes = {
				BuildIndependentTargetsInParallel = 1;
				LastSwiftUpdateCheck = 1420;
				LastUpgradeCheck = 1420;
				TargetAttributes = {
					A511A0B729900BC5008B83CF = {
						CreatedOnToolsVersion = 14.2;
					};
					A511A0CD29900BC6008B83CF = {
						CreatedOnToolsVersion = 14.2;
						TestTargetID = A511A0B729900BC5008B83CF;
					};
					A511A0D729900BC6008B83CF = {
						CreatedOnToolsVersion = 14.2;
						TestTargetID = A511A0B729900BC5008B83CF;
					};
				};
			};
			buildConfigurationList = A511A0B329900BC5008B83CF /* Build configuration list for PBXProject "Tipsy" */;
			compatibilityVersion = "Xcode 14.0";
			developmentRegion = en;
			hasScannedForEncodings = 0;
			knownRegions = (
				en,
				Base,
			);
			mainGroup = A511A0AF29900BC5008B83CF;
			productRefGroup = A511A0B929900BC5008B83CF /* Products */;
			projectDirPath = "";
			projectRoot = "";
			targets = (
				A511A0B729900BC5008B83CF /* Tipsy */,
				A511A0CD29900BC6008B83CF /* TipsyTests */,
				A511A0D729900BC6008B83CF /* TipsyUITests */,
			);
		};
/* End PBXProject section */

/* Begin PBXResourcesBuildPhase section */
		A511A0B629900BC5008B83CF /* Resources */ = {
			isa = PBXResourcesBuildPhase;
			buildActionMask = 2147483647;
			files = (
				A511A0C829900BC6008B83CF /* LaunchScreen.storyboard in Resources */,
				A511A0C529900BC6008B83CF /* Assets.xcassets in Resources */,
				A511A0C329900BC5008B83CF /* Main.storyboard in Resources */,
			);
			runOnlyForDeploymentPostprocessing = 0;
		};
		A511A0CC29900BC6008B83CF /* Resources */ = {
			isa = PBXResourcesBuildPhase;
			buildActionMask = 2147483647;
			files = (
			);
			runOnlyForDeploymentPostprocessing = 0;
		};
		A511A0D629900BC6008B83CF /* Resources */ = {
			isa = PBXResourcesBuildPhase;
			buildActionMask = 2147483647;
			files = (
			);
			runOnlyForDeploymentPostprocessing = 0;
		};
/* End PBXResourcesBuildPhase section */

/* Begin PBXShellScriptBuildPhase section */
		2E6A32A2ED889FF166E31DB2 /* [CP] Check Pods Manifest.lock */ = {
			isa = PBXShellScriptBuildPhase;
			buildActionMask = 2147483647;
			files = (
			);
			inputFileListPaths = (
			);
			inputPaths = (
				"${PODS_PODFILE_DIR_PATH}/Podfile.lock",
				"${PODS_ROOT}/Manifest.lock",
			);
			name = "[CP] Check Pods Manifest.lock";
			outputFileListPaths = (
			);
			outputPaths = (
				"$(DERIVED_FILE_DIR)/Pods-TipsyTests-checkManifestLockResult.txt",
			);
			runOnlyForDeploymentPostprocessing = 0;
			shellPath = /bin/sh;
			shellScript = "diff \"${PODS_PODFILE_DIR_PATH}/Podfile.lock\" \"${PODS_ROOT}/Manifest.lock\" > /dev/null\nif [ $? != 0 ] ; then\n    # print error to STDERR\n    echo \"error: The sandbox is not in sync with the Podfile.lock. Run 'pod install' or update your CocoaPods installation.\" >&2\n    exit 1\nfi\n# This output is used by Xcode 'outputs' to avoid re-running this script phase.\necho \"SUCCESS\" > \"${SCRIPT_OUTPUT_FILE_0}\"\n";
			showEnvVarsInLog = 0;
		};
		7552CBED6B5FCB23BA7CF09F /* [CP] Embed Pods Frameworks */ = {
			isa = PBXShellScriptBuildPhase;
			buildActionMask = 2147483647;
			files = (
			);
			inputFileListPaths = (
				"${PODS_ROOT}/Target Support Files/Pods-TipsyTests/Pods-TipsyTests-frameworks-${CONFIGURATION}-input-files.xcfilelist",
			);
			name = "[CP] Embed Pods Frameworks";
			outputFileListPaths = (
				"${PODS_ROOT}/Target Support Files/Pods-TipsyTests/Pods-TipsyTests-frameworks-${CONFIGURATION}-output-files.xcfilelist",
			);
			runOnlyForDeploymentPostprocessing = 0;
			shellPath = /bin/sh;
			shellScript = "\"${PODS_ROOT}/Target Support Files/Pods-TipsyTests/Pods-TipsyTests-frameworks.sh\"\n";
			showEnvVarsInLog = 0;
		};
		B958708CF7F8BC1F805D22A7 /* [CP] Check Pods Manifest.lock */ = {
			isa = PBXShellScriptBuildPhase;
			buildActionMask = 2147483647;
			files = (
			);
			inputFileListPaths = (
			);
			inputPaths = (
				"${PODS_PODFILE_DIR_PATH}/Podfile.lock",
				"${PODS_ROOT}/Manifest.lock",
			);
			name = "[CP] Check Pods Manifest.lock";
			outputFileListPaths = (
			);
			outputPaths = (
				"$(DERIVED_FILE_DIR)/Pods-Tipsy-checkManifestLockResult.txt",
			);
			runOnlyForDeploymentPostprocessing = 0;
			shellPath = /bin/sh;
			shellScript = "diff \"${PODS_PODFILE_DIR_PATH}/Podfile.lock\" \"${PODS_ROOT}/Manifest.lock\" > /dev/null\nif [ $? != 0 ] ; then\n    # print error to STDERR\n    echo \"error: The sandbox is not in sync with the Podfile.lock. Run 'pod install' or update your CocoaPods installation.\" >&2\n    exit 1\nfi\n# This output is used by Xcode 'outputs' to avoid re-running this script phase.\necho \"SUCCESS\" > \"${SCRIPT_OUTPUT_FILE_0}\"\n";
			showEnvVarsInLog = 0;
		};
		BE10DAEC585F3094BA08C283 /* [CP] Embed Pods Frameworks */ = {
			isa = PBXShellScriptBuildPhase;
			buildActionMask = 2147483647;
			files = (
			);
			inputFileListPaths = (
				"${PODS_ROOT}/Target Support Files/Pods-Tipsy-TipsyUITests/Pods-Tipsy-TipsyUITests-frameworks-${CONFIGURATION}-input-files.xcfilelist",
			);
			name = "[CP] Embed Pods Frameworks";
			outputFileListPaths = (
				"${PODS_ROOT}/Target Support Files/Pods-Tipsy-TipsyUITests/Pods-Tipsy-TipsyUITests-frameworks-${CONFIGURATION}-output-files.xcfilelist",
			);
			runOnlyForDeploymentPostprocessing = 0;
			shellPath = /bin/sh;
			shellScript = "\"${PODS_ROOT}/Target Support Files/Pods-Tipsy-TipsyUITests/Pods-Tipsy-TipsyUITests-frameworks.sh\"\n";
			showEnvVarsInLog = 0;
		};
		F68C1E03508A209955222860 /* [CP] Embed Pods Frameworks */ = {
			isa = PBXShellScriptBuildPhase;
			buildActionMask = 2147483647;
			files = (
			);
			inputFileListPaths = (
				"${PODS_ROOT}/Target Support Files/Pods-Tipsy/Pods-Tipsy-frameworks-${CONFIGURATION}-input-files.xcfilelist",
			);
			name = "[CP] Embed Pods Frameworks";
			outputFileListPaths = (
				"${PODS_ROOT}/Target Support Files/Pods-Tipsy/Pods-Tipsy-frameworks-${CONFIGURATION}-output-files.xcfilelist",
			);
			runOnlyForDeploymentPostprocessing = 0;
			shellPath = /bin/sh;
			shellScript = "\"${PODS_ROOT}/Target Support Files/Pods-Tipsy/Pods-Tipsy-frameworks.sh\"\n";
			showEnvVarsInLog = 0;
		};
		FBB88E63C3A56F5DE1BA8178 /* [CP] Check Pods Manifest.lock */ = {
			isa = PBXShellScriptBuildPhase;
			buildActionMask = 2147483647;
			files = (
			);
			inputFileListPaths = (
			);
			inputPaths = (
				"${PODS_PODFILE_DIR_PATH}/Podfile.lock",
				"${PODS_ROOT}/Manifest.lock",
			);
			name = "[CP] Check Pods Manifest.lock";
			outputFileListPaths = (
			);
			outputPaths = (
				"$(DERIVED_FILE_DIR)/Pods-Tipsy-TipsyUITests-checkManifestLockResult.txt",
			);
			runOnlyForDeploymentPostprocessing = 0;
			shellPath = /bin/sh;
			shellScript = "diff \"${PODS_PODFILE_DIR_PATH}/Podfile.lock\" \"${PODS_ROOT}/Manifest.lock\" > /dev/null\nif [ $? != 0 ] ; then\n    # print error to STDERR\n    echo \"error: The sandbox is not in sync with the Podfile.lock. Run 'pod install' or update your CocoaPods installation.\" >&2\n    exit 1\nfi\n# This output is used by Xcode 'outputs' to avoid re-running this script phase.\necho \"SUCCESS\" > \"${SCRIPT_OUTPUT_FILE_0}\"\n";
			showEnvVarsInLog = 0;
		};
/* End PBXShellScriptBuildPhase section */

/* Begin PBXSourcesBuildPhase section */
		A511A0B429900BC5008B83CF /* Sources */ = {
			isa = PBXSourcesBuildPhase;
			buildActionMask = 2147483647;
			files = (
				A511A0F029900C76008B83CF /* ButtonsProperty.swift in Sources */,
				A511A0C029900BC5008B83CF /* ViewController.swift in Sources */,
				A511A0F229900C8E008B83CF /* LabelsProperty.swift in Sources */,
				A511A0BC29900BC5008B83CF /* AppDelegate.swift in Sources */,
				A511A0BE29900BC5008B83CF /* SceneDelegate.swift in Sources */,
				A511A0F429900F60008B83CF /* ResultViewController.swift in Sources */,
			);
			runOnlyForDeploymentPostprocessing = 0;
		};
		A511A0CA29900BC6008B83CF /* Sources */ = {
			isa = PBXSourcesBuildPhase;
			buildActionMask = 2147483647;
			files = (
				A511A0D329900BC6008B83CF /* TipsyTests.swift in Sources */,
			);
			runOnlyForDeploymentPostprocessing = 0;
		};
		A511A0D429900BC6008B83CF /* Sources */ = {
			isa = PBXSourcesBuildPhase;
			buildActionMask = 2147483647;
			files = (
				A511A0DF29900BC6008B83CF /* TipsyUITestsLaunchTests.swift in Sources */,
				A511A0DD29900BC6008B83CF /* TipsyUITests.swift in Sources */,
			);
			runOnlyForDeploymentPostprocessing = 0;
		};
/* End PBXSourcesBuildPhase section */

/* Begin PBXTargetDependency section */
		A511A0D029900BC6008B83CF /* PBXTargetDependency */ = {
			isa = PBXTargetDependency;
			target = A511A0B729900BC5008B83CF /* Tipsy */;
			targetProxy = A511A0CF29900BC6008B83CF /* PBXContainerItemProxy */;
		};
		A511A0DA29900BC6008B83CF /* PBXTargetDependency */ = {
			isa = PBXTargetDependency;
			target = A511A0B729900BC5008B83CF /* Tipsy */;
			targetProxy = A511A0D929900BC6008B83CF /* PBXContainerItemProxy */;
		};
/* End PBXTargetDependency section */

/* Begin PBXVariantGroup section */
		A511A0C129900BC5008B83CF /* Main.storyboard */ = {
			isa = PBXVariantGroup;
			children = (
				A511A0C229900BC5008B83CF /* Base */,
			);
			name = Main.storyboard;
			sourceTree = "<group>";
		};
		A511A0C629900BC6008B83CF /* LaunchScreen.storyboard */ = {
			isa = PBXVariantGroup;
			children = (
				A511A0C729900BC6008B83CF /* Base */,
			);
			name = LaunchScreen.storyboard;
			sourceTree = "<group>";
		};
/* End PBXVariantGroup section */

/* Begin XCBuildConfiguration section */
		A511A0E029900BC6008B83CF /* Debug */ = {
			isa = XCBuildConfiguration;
			buildSettings = {
				ALWAYS_SEARCH_USER_PATHS = NO;
				CLANG_ANALYZER_NONNULL = YES;
				CLANG_ANALYZER_NUMBER_OBJECT_CONVERSION = YES_AGGRESSIVE;
				CLANG_CXX_LANGUAGE_STANDARD = "gnu++20";
				CLANG_ENABLE_MODULES = YES;
				CLANG_ENABLE_OBJC_ARC = YES;
				CLANG_ENABLE_OBJC_WEAK = YES;
				CLANG_WARN_BLOCK_CAPTURE_AUTORELEASING = YES;
				CLANG_WARN_BOOL_CONVERSION = YES;
				CLANG_WARN_COMMA = YES;
				CLANG_WARN_CONSTANT_CONVERSION = YES;
				CLANG_WARN_DEPRECATED_OBJC_IMPLEMENTATIONS = YES;
				CLANG_WARN_DIRECT_OBJC_ISA_USAGE = YES_ERROR;
				CLANG_WARN_DOCUMENTATION_COMMENTS = YES;
				CLANG_WARN_EMPTY_BODY = YES;
				CLANG_WARN_ENUM_CONVERSION = YES;
				CLANG_WARN_INFINITE_RECURSION = YES;
				CLANG_WARN_INT_CONVERSION = YES;
				CLANG_WARN_NON_LITERAL_NULL_CONVERSION = YES;
				CLANG_WARN_OBJC_IMPLICIT_RETAIN_SELF = YES;
				CLANG_WARN_OBJC_LITERAL_CONVERSION = YES;
				CLANG_WARN_OBJC_ROOT_CLASS = YES_ERROR;
				CLANG_WARN_QUOTED_INCLUDE_IN_FRAMEWORK_HEADER = YES;
				CLANG_WARN_RANGE_LOOP_ANALYSIS = YES;
				CLANG_WARN_STRICT_PROTOTYPES = YES;
				CLANG_WARN_SUSPICIOUS_MOVE = YES;
				CLANG_WARN_UNGUARDED_AVAILABILITY = YES_AGGRESSIVE;
				CLANG_WARN_UNREACHABLE_CODE = YES;
				CLANG_WARN__DUPLICATE_METHOD_MATCH = YES;
				COPY_PHASE_STRIP = NO;
				DEBUG_INFORMATION_FORMAT = dwarf;
				ENABLE_STRICT_OBJC_MSGSEND = YES;
				ENABLE_TESTABILITY = YES;
				GCC_C_LANGUAGE_STANDARD = gnu11;
				GCC_DYNAMIC_NO_PIC = NO;
				GCC_NO_COMMON_BLOCKS = YES;
				GCC_OPTIMIZATION_LEVEL = 0;
				GCC_PREPROCESSOR_DEFINITIONS = (
					"DEBUG=1",
					"$(inherited)",
				);
				GCC_WARN_64_TO_32_BIT_CONVERSION = YES;
				GCC_WARN_ABOUT_RETURN_TYPE = YES_ERROR;
				GCC_WARN_UNDECLARED_SELECTOR = YES;
				GCC_WARN_UNINITIALIZED_AUTOS = YES_AGGRESSIVE;
				GCC_WARN_UNUSED_FUNCTION = YES;
				GCC_WARN_UNUSED_VARIABLE = YES;
				IPHONEOS_DEPLOYMENT_TARGET = 16.2;
				MTL_ENABLE_DEBUG_INFO = INCLUDE_SOURCE;
				MTL_FAST_MATH = YES;
				ONLY_ACTIVE_ARCH = YES;
				SDKROOT = iphoneos;
				SWIFT_ACTIVE_COMPILATION_CONDITIONS = DEBUG;
				SWIFT_OPTIMIZATION_LEVEL = "-Onone";
			};
			name = Debug;
		};
		A511A0E129900BC6008B83CF /* Release */ = {
			isa = XCBuildConfiguration;
			buildSettings = {
				ALWAYS_SEARCH_USER_PATHS = NO;
				CLANG_ANALYZER_NONNULL = YES;
				CLANG_ANALYZER_NUMBER_OBJECT_CONVERSION = YES_AGGRESSIVE;
				CLANG_CXX_LANGUAGE_STANDARD = "gnu++20";
				CLANG_ENABLE_MODULES = YES;
				CLANG_ENABLE_OBJC_ARC = YES;
				CLANG_ENABLE_OBJC_WEAK = YES;
				CLANG_WARN_BLOCK_CAPTURE_AUTORELEASING = YES;
				CLANG_WARN_BOOL_CONVERSION = YES;
				CLANG_WARN_COMMA = YES;
				CLANG_WARN_CONSTANT_CONVERSION = YES;
				CLANG_WARN_DEPRECATED_OBJC_IMPLEMENTATIONS = YES;
				CLANG_WARN_DIRECT_OBJC_ISA_USAGE = YES_ERROR;
				CLANG_WARN_DOCUMENTATION_COMMENTS = YES;
				CLANG_WARN_EMPTY_BODY = YES;
				CLANG_WARN_ENUM_CONVERSION = YES;
				CLANG_WARN_INFINITE_RECURSION = YES;
				CLANG_WARN_INT_CONVERSION = YES;
				CLANG_WARN_NON_LITERAL_NULL_CONVERSION = YES;
				CLANG_WARN_OBJC_IMPLICIT_RETAIN_SELF = YES;
				CLANG_WARN_OBJC_LITERAL_CONVERSION = YES;
				CLANG_WARN_OBJC_ROOT_CLASS = YES_ERROR;
				CLANG_WARN_QUOTED_INCLUDE_IN_FRAMEWORK_HEADER = YES;
				CLANG_WARN_RANGE_LOOP_ANALYSIS = YES;
				CLANG_WARN_STRICT_PROTOTYPES = YES;
				CLANG_WARN_SUSPICIOUS_MOVE = YES;
				CLANG_WARN_UNGUARDED_AVAILABILITY = YES_AGGRESSIVE;
				CLANG_WARN_UNREACHABLE_CODE = YES;
				CLANG_WARN__DUPLICATE_METHOD_MATCH = YES;
				COPY_PHASE_STRIP = NO;
				DEBUG_INFORMATION_FORMAT = "dwarf-with-dsym";
				ENABLE_NS_ASSERTIONS = NO;
				ENABLE_STRICT_OBJC_MSGSEND = YES;
				GCC_C_LANGUAGE_STANDARD = gnu11;
				GCC_NO_COMMON_BLOCKS = YES;
				GCC_WARN_64_TO_32_BIT_CONVERSION = YES;
				GCC_WARN_ABOUT_RETURN_TYPE = YES_ERROR;
				GCC_WARN_UNDECLARED_SELECTOR = YES;
				GCC_WARN_UNINITIALIZED_AUTOS = YES_AGGRESSIVE;
				GCC_WARN_UNUSED_FUNCTION = YES;
				GCC_WARN_UNUSED_VARIABLE = YES;
				IPHONEOS_DEPLOYMENT_TARGET = 16.2;
				MTL_ENABLE_DEBUG_INFO = NO;
				MTL_FAST_MATH = YES;
				SDKROOT = iphoneos;
				SWIFT_COMPILATION_MODE = wholemodule;
				SWIFT_OPTIMIZATION_LEVEL = "-O";
				VALIDATE_PRODUCT = YES;
			};
			name = Release;
		};
		A511A0E329900BC6008B83CF /* Debug */ = {
			isa = XCBuildConfiguration;
			baseConfigurationReference = EC24F6622885F3994D50D352 /* Pods-Tipsy.debug.xcconfig */;
			buildSettings = {
				ASSETCATALOG_COMPILER_APPICON_NAME = AppIcon;
				ASSETCATALOG_COMPILER_GLOBAL_ACCENT_COLOR_NAME = AccentColor;
				CODE_SIGN_STYLE = Automatic;
				CURRENT_PROJECT_VERSION = 1;
				DEVELOPMENT_TEAM = TWQL7PLAUC;
				GENERATE_INFOPLIST_FILE = YES;
				INFOPLIST_FILE = Tipsy/Info.plist;
				INFOPLIST_KEY_UIApplicationSupportsIndirectInputEvents = YES;
				INFOPLIST_KEY_UILaunchStoryboardName = LaunchScreen;
				INFOPLIST_KEY_UIMainStoryboardFile = Main;
				INFOPLIST_KEY_UISupportedInterfaceOrientations = UIInterfaceOrientationPortrait;
				LD_RUNPATH_SEARCH_PATHS = (
					"$(inherited)",
					"@executable_path/Frameworks",
				);
				MARKETING_VERSION = 1.0;
				PRODUCT_BUNDLE_IDENTIFIER = "zvontsov-adadigital.ru.Tipsy";
				PRODUCT_NAME = "$(TARGET_NAME)";
				SWIFT_EMIT_LOC_STRINGS = YES;
				SWIFT_VERSION = 5.0;
				TARGETED_DEVICE_FAMILY = "1,2";
			};
			name = Debug;
		};
		A511A0E429900BC6008B83CF /* Release */ = {
			isa = XCBuildConfiguration;
			baseConfigurationReference = 54E33A92AC4F63BF4777ECB5 /* Pods-Tipsy.release.xcconfig */;
			buildSettings = {
				ASSETCATALOG_COMPILER_APPICON_NAME = AppIcon;
				ASSETCATALOG_COMPILER_GLOBAL_ACCENT_COLOR_NAME = AccentColor;
				CODE_SIGN_STYLE = Automatic;
				CURRENT_PROJECT_VERSION = 1;
				DEVELOPMENT_TEAM = TWQL7PLAUC;
				GENERATE_INFOPLIST_FILE = YES;
				INFOPLIST_FILE = Tipsy/Info.plist;
				INFOPLIST_KEY_UIApplicationSupportsIndirectInputEvents = YES;
				INFOPLIST_KEY_UILaunchStoryboardName = LaunchScreen;
				INFOPLIST_KEY_UIMainStoryboardFile = Main;
				INFOPLIST_KEY_UISupportedInterfaceOrientations = UIInterfaceOrientationPortrait;
				LD_RUNPATH_SEARCH_PATHS = (
					"$(inherited)",
					"@executable_path/Frameworks",
				);
				MARKETING_VERSION = 1.0;
				PRODUCT_BUNDLE_IDENTIFIER = "zvontsov-adadigital.ru.Tipsy";
				PRODUCT_NAME = "$(TARGET_NAME)";
				SWIFT_EMIT_LOC_STRINGS = YES;
				SWIFT_VERSION = 5.0;
				TARGETED_DEVICE_FAMILY = "1,2";
			};
			name = Release;
		};
		A511A0E629900BC6008B83CF /* Debug */ = {
			isa = XCBuildConfiguration;
			baseConfigurationReference = 84EE3FA3F9101ADCA1BDFE5E /* Pods-TipsyTests.debug.xcconfig */;
			buildSettings = {
				ALWAYS_EMBED_SWIFT_STANDARD_LIBRARIES = YES;
				BUNDLE_LOADER = "$(TEST_HOST)";
				CODE_SIGN_STYLE = Automatic;
				CURRENT_PROJECT_VERSION = 1;
				DEVELOPMENT_TEAM = TWQL7PLAUC;
				GENERATE_INFOPLIST_FILE = YES;
				IPHONEOS_DEPLOYMENT_TARGET = 16.2;
				MARKETING_VERSION = 1.0;
				PRODUCT_BUNDLE_IDENTIFIER = "zvontsov-adadigital.ru.TipsyTests";
				PRODUCT_NAME = "$(TARGET_NAME)";
				SWIFT_EMIT_LOC_STRINGS = NO;
				SWIFT_VERSION = 5.0;
				TARGETED_DEVICE_FAMILY = "1,2";
				TEST_HOST = "$(BUILT_PRODUCTS_DIR)/Tipsy.app/$(BUNDLE_EXECUTABLE_FOLDER_PATH)/Tipsy";
			};
			name = Debug;
		};
		A511A0E729900BC6008B83CF /* Release */ = {
			isa = XCBuildConfiguration;
			baseConfigurationReference = 27B85355A209789B7827EBDE /* Pods-TipsyTests.release.xcconfig */;
			buildSettings = {
				ALWAYS_EMBED_SWIFT_STANDARD_LIBRARIES = YES;
				BUNDLE_LOADER = "$(TEST_HOST)";
				CODE_SIGN_STYLE = Automatic;
				CURRENT_PROJECT_VERSION = 1;
				DEVELOPMENT_TEAM = TWQL7PLAUC;
				GENERATE_INFOPLIST_FILE = YES;
				IPHONEOS_DEPLOYMENT_TARGET = 16.2;
				MARKETING_VERSION = 1.0;
				PRODUCT_BUNDLE_IDENTIFIER = "zvontsov-adadigital.ru.TipsyTests";
				PRODUCT_NAME = "$(TARGET_NAME)";
				SWIFT_EMIT_LOC_STRINGS = NO;
				SWIFT_VERSION = 5.0;
				TARGETED_DEVICE_FAMILY = "1,2";
				TEST_HOST = "$(BUILT_PRODUCTS_DIR)/Tipsy.app/$(BUNDLE_EXECUTABLE_FOLDER_PATH)/Tipsy";
			};
			name = Release;
		};
		A511A0E929900BC6008B83CF /* Debug */ = {
			isa = XCBuildConfiguration;
			baseConfigurationReference = 7C1067BA3CEE080D6C95FD52 /* Pods-Tipsy-TipsyUITests.debug.xcconfig */;
			buildSettings = {
				ALWAYS_EMBED_SWIFT_STANDARD_LIBRARIES = YES;
				CODE_SIGN_STYLE = Automatic;
				CURRENT_PROJECT_VERSION = 1;
				DEVELOPMENT_TEAM = TWQL7PLAUC;
				GENERATE_INFOPLIST_FILE = YES;
				MARKETING_VERSION = 1.0;
				PRODUCT_BUNDLE_IDENTIFIER = "zvontsov-adadigital.ru.TipsyUITests";
				PRODUCT_NAME = "$(TARGET_NAME)";
				SWIFT_EMIT_LOC_STRINGS = NO;
				SWIFT_VERSION = 5.0;
				TARGETED_DEVICE_FAMILY = "1,2";
				TEST_TARGET_NAME = Tipsy;
			};
			name = Debug;
		};
		A511A0EA29900BC6008B83CF /* Release */ = {
			isa = XCBuildConfiguration;
			baseConfigurationReference = 47171801AFFC054D8259165A /* Pods-Tipsy-TipsyUITests.release.xcconfig */;
			buildSettings = {
				ALWAYS_EMBED_SWIFT_STANDARD_LIBRARIES = YES;
				CODE_SIGN_STYLE = Automatic;
				CURRENT_PROJECT_VERSION = 1;
				DEVELOPMENT_TEAM = TWQL7PLAUC;
				GENERATE_INFOPLIST_FILE = YES;
				MARKETING_VERSION = 1.0;
				PRODUCT_BUNDLE_IDENTIFIER = "zvontsov-adadigital.ru.TipsyUITests";
				PRODUCT_NAME = "$(TARGET_NAME)";
				SWIFT_EMIT_LOC_STRINGS = NO;
				SWIFT_VERSION = 5.0;
				TARGETED_DEVICE_FAMILY = "1,2";
				TEST_TARGET_NAME = Tipsy;
			};
			name = Release;
		};
/* End XCBuildConfiguration section */

/* Begin XCConfigurationList section */
		A511A0B329900BC5008B83CF /* Build configuration list for PBXProject "Tipsy" */ = {
			isa = XCConfigurationList;
			buildConfigurations = (
				A511A0E029900BC6008B83CF /* Debug */,
				A511A0E129900BC6008B83CF /* Release */,
			);
			defaultConfigurationIsVisible = 0;
			defaultConfigurationName = Release;
		};
		A511A0E229900BC6008B83CF /* Build configuration list for PBXNativeTarget "Tipsy" */ = {
			isa = XCConfigurationList;
			buildConfigurations = (
				A511A0E329900BC6008B83CF /* Debug */,
				A511A0E429900BC6008B83CF /* Release */,
			);
			defaultConfigurationIsVisible = 0;
			defaultConfigurationName = Release;
		};
		A511A0E529900BC6008B83CF /* Build configuration list for PBXNativeTarget "TipsyTests" */ = {
			isa = XCConfigurationList;
			buildConfigurations = (
				A511A0E629900BC6008B83CF /* Debug */,
				A511A0E729900BC6008B83CF /* Release */,
			);
			defaultConfigurationIsVisible = 0;
			defaultConfigurationName = Release;
		};
		A511A0E829900BC6008B83CF /* Build configuration list for PBXNativeTarget "TipsyUITests" */ = {
			isa = XCConfigurationList;
			buildConfigurations = (
				A511A0E929900BC6008B83CF /* Debug */,
				A511A0EA29900BC6008B83CF /* Release */,
			);
			defaultConfigurationIsVisible = 0;
			defaultConfigurationName = Release;
		};
/* End XCConfigurationList section */
	};
	rootObject = A511A0B029900BC5008B83CF /* Project object */;
}
